
Microsoft Visual Studio Solution File, Format Version 12.00
# Visual Studio Version 16
VisualStudioVersion = 16.0.29411.108
MinimumVisualStudioVersion = 10.0.40219.1
Project("{FAE04EC0-301F-11D3-BF4B-00C04F79EFBC}") = "ADondeVamos", "ADondeVamos\ADondeVamos.csproj", "{5FBA7021-4270-4DC2-8013-65C932FDCEE5}"
EndProject
Global
	GlobalSection(SolutionConfigurationPlatforms) = preSolution
		Debug|Any CPU = Debug|Any CPU
		Release|Any CPU = Release|Any CPU
	EndGlobalSection
	GlobalSection(ProjectConfigurationPlatforms) = postSolution
		{5FBA7021-4270-4DC2-8013-65C932FDCEE5}.Debug|Any CPU.ActiveCfg = Debug|Any CPU
		{5FBA7021-4270-4DC2-8013-65C932FDCEE5}.Debug|Any CPU.Build.0 = Debug|Any CPU
		{5FBA7021-4270-4DC2-8013-65C932FDCEE5}.Release|Any CPU.ActiveCfg = Release|Any CPU
		{5FBA7021-4270-4DC2-8013-65C932FDCEE5}.Release|Any CPU.Build.0 = Release|Any CPU
	EndGlobalSection
	GlobalSection(SolutionProperties) = preSolution
		HideSolutionNode = FALSE
	EndGlobalSection
	GlobalSection(ExtensibilityGlobals) = postSolution
		SolutionGuid = {46BFC05D-9178-471B-86EA-E1F3CA4CA018}
	EndGlobalSection
EndGlobal
